
Microsoft Visual Studio Solution File, Format Version 12.00
# Visual Studio Version 16
VisualStudioVersion = 16.0.29009.5
MinimumVisualStudioVersion = 10.0.40219.1
Project("{FAE04EC0-301F-11D3-BF4B-00C04F79EFBC}") = "WpfApp_BP NN handwrite recognition", "WpfApp_BP NN handwrite recognition\WpfApp_BP NN handwrite recognition.csproj", "{33E5309C-74D8-4FEF-880C-9AD062327D36}"
EndProject
Global
	GlobalSection(SolutionConfigurationPlatforms) = preSolution
		Debug|Any CPU = Debug|Any CPU
		Release|Any CPU = Release|Any CPU
	EndGlobalSection
	GlobalSection(ProjectConfigurationPlatforms) = postSolution
		{33E5309C-74D8-4FEF-880C-9AD062327D36}.Debug|Any CPU.ActiveCfg = Debug|Any CPU
		{33E5309C-74D8-4FEF-880C-9AD062327D36}.Debug|Any CPU.Build.0 = Debug|Any CPU
		{33E5309C-74D8-4FEF-880C-9AD062327D36}.Release|Any CPU.ActiveCfg = Release|Any CPU
		{33E5309C-74D8-4FEF-880C-9AD062327D36}.Release|Any CPU.Build.0 = Release|Any CPU
	EndGlobalSection
	GlobalSection(SolutionProperties) = preSolution
		HideSolutionNode = FALSE
	EndGlobalSection
	GlobalSection(ExtensibilityGlobals) = postSolution
		SolutionGuid = {5EFC0ADB-0047-4D69-B096-6E847486F864}
	EndGlobalSection
EndGlobal
